
Microsoft Visual Studio Solution File, Format Version 12.00
# Visual Studio Version 17
VisualStudioVersion = 17.1.32210.238
MinimumVisualStudioVersion = 10.0.40219.1
Project("{FAE04EC0-301F-11D3-BF4B-00C04F79EFBC}") = "ST10084661_Task2_Poe", "ST10084661_Task2_Poe\ST10084661_Task2_Poe.csproj", "{68FE751E-8CE6-4B46-8599-148EAF7588F1}"
EndProject
Global
	GlobalSection(SolutionConfigurationPlatforms) = preSolution
		Debug|Any CPU = Debug|Any CPU
		Release|Any CPU = Release|Any CPU
	EndGlobalSection
	GlobalSection(ProjectConfigurationPlatforms) = postSolution
		{68FE751E-8CE6-4B46-8599-148EAF7588F1}.Debug|Any CPU.ActiveCfg = Debug|Any CPU
		{68FE751E-8CE6-4B46-8599-148EAF7588F1}.Debug|Any CPU.Build.0 = Debug|Any CPU
		{68FE751E-8CE6-4B46-8599-148EAF7588F1}.Release|Any CPU.ActiveCfg = Release|Any CPU
		{68FE751E-8CE6-4B46-8599-148EAF7588F1}.Release|Any CPU.Build.0 = Release|Any CPU
	EndGlobalSection
	GlobalSection(SolutionProperties) = preSolution
		HideSolutionNode = FALSE
	EndGlobalSection
	GlobalSection(ExtensibilityGlobals) = postSolution
		SolutionGuid = {363BAF43-05E3-4BF2-9DDB-102ADF34699F}
	EndGlobalSection
EndGlobal
